
Microsoft Visual Studio Solution File, Format Version 12.00
# Visual Studio Version 17
VisualStudioVersion = 17.8.34525.116
MinimumVisualStudioVersion = 10.0.40219.1
Project("{FAE04EC0-301F-11D3-BF4B-00C04F79EFBC}") = "Blazor", "Blazor\Blazor.csproj", "{22025DDD-BC66-4FDD-A4BE-784B8C1FC690}"
EndProject
Global
	GlobalSection(SolutionConfigurationPlatforms) = preSolution
		Debug|Any CPU = Debug|Any CPU
		Release|Any CPU = Release|Any CPU
	EndGlobalSection
	GlobalSection(ProjectConfigurationPlatforms) = postSolution
		{22025DDD-BC66-4FDD-A4BE-784B8C1FC690}.Debug|Any CPU.ActiveCfg = Debug|Any CPU
		{22025DDD-BC66-4FDD-A4BE-784B8C1FC690}.Debug|Any CPU.Build.0 = Debug|Any CPU
		{22025DDD-BC66-4FDD-A4BE-784B8C1FC690}.Release|Any CPU.ActiveCfg = Release|Any CPU
		{22025DDD-BC66-4FDD-A4BE-784B8C1FC690}.Release|Any CPU.Build.0 = Release|Any CPU
	EndGlobalSection
	GlobalSection(SolutionProperties) = preSolution
		HideSolutionNode = FALSE
	EndGlobalSection
	GlobalSection(ExtensibilityGlobals) = postSolution
		SolutionGuid = {05493E11-A3A1-43A5-BC73-8EC5499174F6}
	EndGlobalSection
EndGlobal
